
Microsoft Visual Studio Solution File, Format Version 12.00
# Visual Studio Version 17
VisualStudioVersion = 17.3.32804.467
MinimumVisualStudioVersion = 10.0.40219.1
Project("{9A19103F-16F7-4668-BE54-9A1E7A4F7556}") = "Portfol.io.Identity", "Portfol.io.Identity\Portfol.io.Identity.csproj", "{8E9DCB3B-B874-4CB2-83BE-D91880A387E4}"
EndProject
Project("{E53339B2-1760-4266-BCC7-CA923CBCF16C}") = "docker-compose", "docker-compose.dcproj", "{56212B7F-908E-462C-BF6E-D93AC66A0E34}"
EndProject
Global
	GlobalSection(SolutionConfigurationPlatforms) = preSolution
		Debug|Any CPU = Debug|Any CPU
		Release|Any CPU = Release|Any CPU
	EndGlobalSection
	GlobalSection(ProjectConfigurationPlatforms) = postSolution
		{8E9DCB3B-B874-4CB2-83BE-D91880A387E4}.Debug|Any CPU.ActiveCfg = Debug|Any CPU
		{8E9DCB3B-B874-4CB2-83BE-D91880A387E4}.Debug|Any CPU.Build.0 = Debug|Any CPU
		{8E9DCB3B-B874-4CB2-83BE-D91880A387E4}.Release|Any CPU.ActiveCfg = Release|Any CPU
		{8E9DCB3B-B874-4CB2-83BE-D91880A387E4}.Release|Any CPU.Build.0 = Release|Any CPU
		{56212B7F-908E-462C-BF6E-D93AC66A0E34}.Debug|Any CPU.ActiveCfg = Debug|Any CPU
		{56212B7F-908E-462C-BF6E-D93AC66A0E34}.Debug|Any CPU.Build.0 = Debug|Any CPU
		{56212B7F-908E-462C-BF6E-D93AC66A0E34}.Release|Any CPU.ActiveCfg = Release|Any CPU
		{56212B7F-908E-462C-BF6E-D93AC66A0E34}.Release|Any CPU.Build.0 = Release|Any CPU
	EndGlobalSection
	GlobalSection(SolutionProperties) = preSolution
		HideSolutionNode = FALSE
	EndGlobalSection
	GlobalSection(ExtensibilityGlobals) = postSolution
		SolutionGuid = {AACF5CDD-181A-4CD8-89A3-DB8439C876D7}
	EndGlobalSection
EndGlobal
